# This file is autogenerated, do not edit; changes may be undone by the next 'dep ensure'.


[[projects]]
  name = "github.com/magiconair/properties"
  packages = ["assert"]
  revision = "c2353362d570a7bfa228149c62842019201cfb71"
  version = "v1.8.0"

[[projects]]
  branch = "master"
  name = "github.com/rfaulhaber/fdate"
  packages = ["."]
  revision = "b6c34fd92a771a39842e33707c999eb32c09b750"

[solve-meta]
  analyzer-name = "dep"
  analyzer-version = 1
  inputs-digest = "7c994cac72d0e9a0474c400d23d9e13f3db4804137c05fff02a194bfbd2212b2"
  solver-name = "gps-cdcl"
  solver-version = 1
